{
  "originHash" : "a28b43375bfcecfec9d6a6ecba73182c8ab3d226f5d0974a653107679256a0d0",
  "pins" : [
    {
      "identity" : "chit-chat",
      "kind" : "remoteSourceControl",
      "location" : "https://github.com/TopScrech/Chit-Chat",
      "state" : {
        "revision" : "6a7185a7c8ea968da7008e36f19abf85393eacd0",
        "version" : "1.0.6"
      }
    },
    {
      "identity" : "screchkit",
      "kind" : "remoteSourceControl",
      "location" : "https://github.com/TopScrech/ScrechKit",
      "state" : {
        "revision" : "52dabc08de3d591608171089ad80c5809337dccc",
        "version" : "1.0.11"
      }
    }
  ],
  "version" : 3
}
