{
  "originHash" : "a28b43375bfcecfec9d6a6ecba73182c8ab3d226f5d0974a653107679256a0d0",
  "pins" : [
    {
      "identity" : "chit-chat",
      "kind" : "remoteSourceControl",
      "location" : "https://github.com/TopScrech/Chit-Chat",
      "state" : {
        "revision" : "34b99365f5cc3b338f430089710caf7384860faf",
        "version" : "1.0.5"
      }
    },
    {
      "identity" : "screchkit",
      "kind" : "remoteSourceControl",
      "location" : "https://github.com/TopScrech/ScrechKit",
      "state" : {
        "revision" : "40f089e897c48986d101a5630c1597241b40c6c5",
        "version" : "1.0.9"
      }
    }
  ],
  "version" : 3
}
